<?xml version="1.0" encoding="utf-8"?>
<Project ToolsVersion="4.0" xmlns="http://schemas.microsoft.com/developer/msbuild/2003">
  <ItemGroup>
    <ClCompile Include="Code\Actor.cpp" />
    <ClCompile Include="Code\Bullet.cpp" />
    <ClCompile Include="Code\Client.cpp" />
    <ClCompile Include="Code\NetworkManager.cpp" />
    <ClCompile Include="Code\Pilot.cpp" />
    <ClCompile Include="Code\QuickDraw.cpp" />
    <ClCompile Include="Code\Room.cpp" />
    <ClCompile Include="Code\Ship.cpp" />
    <ClCompile Include="Code\Timer.cpp" />
    <ClCompile Include="Code\Server.cpp" />
    <ClCompile Include="Code\GameServerSide.cpp" />
    <ClCompile Include="Code\GameClientSide.cpp" />
  </ItemGroup>
  <ItemGroup>
    <ClInclude Include="Code\Actor.h" />
    <ClInclude Include="Code\Bullet.h" />
    <ClInclude Include="Code\Client.h" />
    <ClInclude Include="Code\Model.h" />
    <ClInclude Include="Code\NetworkManager.h" />
    <ClInclude Include="Code\QuickDraw.h" />
    <ClInclude Include="Code\Room.h" />
    <ClInclude Include="Code\Server.h" />
    <ClInclude Include="Code\Ship.h" />
    <ClInclude Include="Code\Timer.h" />
    <ClInclude Include="Code\GameServerSide.h" />
    <ClInclude Include="Code\GameClientSide.h" />
  </ItemGroup>
</Project>